
Microsoft Visual Studio Solution File, Format Version 12.00
# Visual Studio Version 16
VisualStudioVersion = 16.0.32228.343
MinimumVisualStudioVersion = 10.0.40219.1
Project("{FAE04EC0-301F-11D3-BF4B-00C04F79EFBC}") = "Nums 1 to 10", "Nums 1 to 10.csproj", "{A92BEB8D-ED4C-4AAB-824F-E3A07BF75B11}"
EndProject
Global
	GlobalSection(SolutionConfigurationPlatforms) = preSolution
		Debug|Any CPU = Debug|Any CPU
		Release|Any CPU = Release|Any CPU
	EndGlobalSection
	GlobalSection(ProjectConfigurationPlatforms) = postSolution
		{A92BEB8D-ED4C-4AAB-824F-E3A07BF75B11}.Debug|Any CPU.ActiveCfg = Debug|Any CPU
		{A92BEB8D-ED4C-4AAB-824F-E3A07BF75B11}.Debug|Any CPU.Build.0 = Debug|Any CPU
		{A92BEB8D-ED4C-4AAB-824F-E3A07BF75B11}.Release|Any CPU.ActiveCfg = Release|Any CPU
		{A92BEB8D-ED4C-4AAB-824F-E3A07BF75B11}.Release|Any CPU.Build.0 = Release|Any CPU
	EndGlobalSection
	GlobalSection(SolutionProperties) = preSolution
		HideSolutionNode = FALSE
	EndGlobalSection
	GlobalSection(ExtensibilityGlobals) = postSolution
		SolutionGuid = {239E6BB5-0787-4AD4-89F1-96C6CF581FF6}
	EndGlobalSection
EndGlobal
