
Microsoft Visual Studio Solution File, Format Version 12.00
# Visual Studio Version 16
VisualStudioVersion = 16.0.32228.343
MinimumVisualStudioVersion = 10.0.40219.1
Project("{FAE04EC0-301F-11D3-BF4B-00C04F79EFBC}") = "Supplies for School", "Supplies for School\Supplies for School.csproj", "{91F9529B-735F-42AC-BC6B-C3A8A2C82135}"
EndProject
Global
	GlobalSection(SolutionConfigurationPlatforms) = preSolution
		Debug|Any CPU = Debug|Any CPU
		Release|Any CPU = Release|Any CPU
	EndGlobalSection
	GlobalSection(ProjectConfigurationPlatforms) = postSolution
		{91F9529B-735F-42AC-BC6B-C3A8A2C82135}.Debug|Any CPU.ActiveCfg = Debug|Any CPU
		{91F9529B-735F-42AC-BC6B-C3A8A2C82135}.Debug|Any CPU.Build.0 = Debug|Any CPU
		{91F9529B-735F-42AC-BC6B-C3A8A2C82135}.Release|Any CPU.ActiveCfg = Release|Any CPU
		{91F9529B-735F-42AC-BC6B-C3A8A2C82135}.Release|Any CPU.Build.0 = Release|Any CPU
	EndGlobalSection
	GlobalSection(SolutionProperties) = preSolution
		HideSolutionNode = FALSE
	EndGlobalSection
	GlobalSection(ExtensibilityGlobals) = postSolution
		SolutionGuid = {FE926E87-5E83-4D58-B9FD-550C090BE562}
	EndGlobalSection
EndGlobal
