
Microsoft Visual Studio Solution File, Format Version 12.00
# Visual Studio Version 16
VisualStudioVersion = 16.0.32228.343
MinimumVisualStudioVersion = 10.0.40219.1
Project("{FAE04EC0-301F-11D3-BF4B-00C04F79EFBC}") = "Repainting", "Repainting\Repainting.csproj", "{A6C23F7D-F783-4350-A2F9-3F7898AAF073}"
EndProject
Global
	GlobalSection(SolutionConfigurationPlatforms) = preSolution
		Debug|Any CPU = Debug|Any CPU
		Release|Any CPU = Release|Any CPU
	EndGlobalSection
	GlobalSection(ProjectConfigurationPlatforms) = postSolution
		{A6C23F7D-F783-4350-A2F9-3F7898AAF073}.Debug|Any CPU.ActiveCfg = Debug|Any CPU
		{A6C23F7D-F783-4350-A2F9-3F7898AAF073}.Debug|Any CPU.Build.0 = Debug|Any CPU
		{A6C23F7D-F783-4350-A2F9-3F7898AAF073}.Release|Any CPU.ActiveCfg = Release|Any CPU
		{A6C23F7D-F783-4350-A2F9-3F7898AAF073}.Release|Any CPU.Build.0 = Release|Any CPU
	EndGlobalSection
	GlobalSection(SolutionProperties) = preSolution
		HideSolutionNode = FALSE
	EndGlobalSection
	GlobalSection(ExtensibilityGlobals) = postSolution
		SolutionGuid = {E050FAF8-1534-4111-B062-B06ED634B61C}
	EndGlobalSection
EndGlobal
