
Microsoft Visual Studio Solution File, Format Version 12.00
# Visual Studio Version 16
VisualStudioVersion = 16.0.32228.343
MinimumVisualStudioVersion = 10.0.40219.1
Project("{FAE04EC0-301F-11D3-BF4B-00C04F79EFBC}") = "Pet Shop", "Pet Shop\Pet Shop.csproj", "{372A2EC2-93A5-4A7B-B178-64CEC90149F9}"
EndProject
Global
	GlobalSection(SolutionConfigurationPlatforms) = preSolution
		Debug|Any CPU = Debug|Any CPU
		Release|Any CPU = Release|Any CPU
	EndGlobalSection
	GlobalSection(ProjectConfigurationPlatforms) = postSolution
		{372A2EC2-93A5-4A7B-B178-64CEC90149F9}.Debug|Any CPU.ActiveCfg = Debug|Any CPU
		{372A2EC2-93A5-4A7B-B178-64CEC90149F9}.Debug|Any CPU.Build.0 = Debug|Any CPU
		{372A2EC2-93A5-4A7B-B178-64CEC90149F9}.Release|Any CPU.ActiveCfg = Release|Any CPU
		{372A2EC2-93A5-4A7B-B178-64CEC90149F9}.Release|Any CPU.Build.0 = Release|Any CPU
	EndGlobalSection
	GlobalSection(SolutionProperties) = preSolution
		HideSolutionNode = FALSE
	EndGlobalSection
	GlobalSection(ExtensibilityGlobals) = postSolution
		SolutionGuid = {C3F8724A-A696-41D6-9437-048E6BFC7D9A}
	EndGlobalSection
EndGlobal
